
Microsoft Visual Studio Solution File, Format Version 12.00
# Visual Studio Version 17
VisualStudioVersion = 17.0.31903.59
MinimumVisualStudioVersion = 10.0.40219.1
Project("{9A19103F-16F7-4668-BE54-9A1E7A4F7556}") = "Senparc.NeuChar", "Senparc.NeuChar\Senparc.NeuChar.csproj", "{0E884956-6FD3-4346-A45E-09059E814F38}"
EndProject
Project("{9A19103F-16F7-4668-BE54-9A1E7A4F7556}") = "Senparc.NeuChar.App", "Senparc.NeuChar.App\Senparc.NeuChar.App.csproj", "{7D1538D5-4842-44AD-8B16-96A2347113E4}"
EndProject
Project("{9A19103F-16F7-4668-BE54-9A1E7A4F7556}") = "Senparc.NeuChar.AspNet", "Senparc.NeuChar.AspNet\Senparc.NeuChar.AspNet.csproj", "{FEA00F7D-EB32-45A8-A846-888ACADCEC14}"
EndProject
Project("{2150E333-8FDC-42A3-9474-1A3956D46DE8}") = "src", "src", "{94388FAC-B21C-4401-A7D2-BA9C34FF7E67}"
EndProject
Project("{2150E333-8FDC-42A3-9474-1A3956D46DE8}") = "tests", "tests", "{D04F2E19-0B85-45A4-B39E-2E799CC4398B}"
EndProject
Project("{9A19103F-16F7-4668-BE54-9A1E7A4F7556}") = "Senparc.NeuChar.Tests", "Y:\Senparc 项目\NeuChar\Senparc\NeuChar\src\Senparc.NeuChar.Tests\Senparc.NeuChar.Tests.csproj", "{9F6DED9B-7C9E-4DE4-966E-329066A809D6}"
EndProject
Global
	GlobalSection(SolutionConfigurationPlatforms) = preSolution
		Debug|Any CPU = Debug|Any CPU
		Release|Any CPU = Release|Any CPU
		Test|Any CPU = Test|Any CPU
	EndGlobalSection
	GlobalSection(ProjectConfigurationPlatforms) = postSolution
		{0E884956-6FD3-4346-A45E-09059E814F38}.Debug|Any CPU.ActiveCfg = Debug|Any CPU
		{0E884956-6FD3-4346-A45E-09059E814F38}.Debug|Any CPU.Build.0 = Debug|Any CPU
		{0E884956-6FD3-4346-A45E-09059E814F38}.Release|Any CPU.ActiveCfg = Release|Any CPU
		{0E884956-6FD3-4346-A45E-09059E814F38}.Release|Any CPU.Build.0 = Release|Any CPU
		{0E884956-6FD3-4346-A45E-09059E814F38}.Test|Any CPU.ActiveCfg = Test|Any CPU
		{0E884956-6FD3-4346-A45E-09059E814F38}.Test|Any CPU.Build.0 = Test|Any CPU
		{7D1538D5-4842-44AD-8B16-96A2347113E4}.Debug|Any CPU.ActiveCfg = Debug|Any CPU
		{7D1538D5-4842-44AD-8B16-96A2347113E4}.Debug|Any CPU.Build.0 = Debug|Any CPU
		{7D1538D5-4842-44AD-8B16-96A2347113E4}.Release|Any CPU.ActiveCfg = Release|Any CPU
		{7D1538D5-4842-44AD-8B16-96A2347113E4}.Release|Any CPU.Build.0 = Release|Any CPU
		{7D1538D5-4842-44AD-8B16-96A2347113E4}.Test|Any CPU.ActiveCfg = Test|Any CPU
		{7D1538D5-4842-44AD-8B16-96A2347113E4}.Test|Any CPU.Build.0 = Test|Any CPU
		{FEA00F7D-EB32-45A8-A846-888ACADCEC14}.Debug|Any CPU.ActiveCfg = Debug|Any CPU
		{FEA00F7D-EB32-45A8-A846-888ACADCEC14}.Debug|Any CPU.Build.0 = Debug|Any CPU
		{FEA00F7D-EB32-45A8-A846-888ACADCEC14}.Release|Any CPU.ActiveCfg = Release|Any CPU
		{FEA00F7D-EB32-45A8-A846-888ACADCEC14}.Release|Any CPU.Build.0 = Release|Any CPU
		{FEA00F7D-EB32-45A8-A846-888ACADCEC14}.Test|Any CPU.ActiveCfg = Debug|Any CPU
		{FEA00F7D-EB32-45A8-A846-888ACADCEC14}.Test|Any CPU.Build.0 = Debug|Any CPU
		{9F6DED9B-7C9E-4DE4-966E-329066A809D6}.Debug|Any CPU.ActiveCfg = Debug|Any CPU
		{9F6DED9B-7C9E-4DE4-966E-329066A809D6}.Debug|Any CPU.Build.0 = Debug|Any CPU
		{9F6DED9B-7C9E-4DE4-966E-329066A809D6}.Release|Any CPU.ActiveCfg = Release|Any CPU
		{9F6DED9B-7C9E-4DE4-966E-329066A809D6}.Test|Any CPU.ActiveCfg = Debug|Any CPU
		{9F6DED9B-7C9E-4DE4-966E-329066A809D6}.Test|Any CPU.Build.0 = Debug|Any CPU
	EndGlobalSection
	GlobalSection(SolutionProperties) = preSolution
		HideSolutionNode = FALSE
	EndGlobalSection
	GlobalSection(NestedProjects) = preSolution
		{0E884956-6FD3-4346-A45E-09059E814F38} = {94388FAC-B21C-4401-A7D2-BA9C34FF7E67}
		{7D1538D5-4842-44AD-8B16-96A2347113E4} = {94388FAC-B21C-4401-A7D2-BA9C34FF7E67}
		{FEA00F7D-EB32-45A8-A846-888ACADCEC14} = {94388FAC-B21C-4401-A7D2-BA9C34FF7E67}
		{9F6DED9B-7C9E-4DE4-966E-329066A809D6} = {D04F2E19-0B85-45A4-B39E-2E799CC4398B}
	EndGlobalSection
	GlobalSection(ExtensibilityGlobals) = postSolution
		SolutionGuid = {1D659ECF-681E-44F2-9B3D-7FD76CD95AFC}
	EndGlobalSection
EndGlobal
